{
	"name": "@plotex/render-dom",
	"version": "1.0.8",
	"lockfileVersion": 1,
	"requires": true,
	"dependencies": {
		"@plotex/chart-def": {
			"version": "1.0.8",
			"resolved": "https://registry.npmjs.org/@plotex/chart-def/-/chart-def-1.0.8.tgz",
			"integrity": "sha512-emgVRUWNohmFbLtZOyjC1rp5UwkCh/f2ARs5y1p/uhz/Snxgpn6lMZhaZdFr5bPkCR2Z/L9UhEG95mFpJE2m8g==",
			"requires": {
				"@plotex/serialization": "^1.0.8"
			}
		},
		"@plotex/lib-apex": {
			"version": "1.0.8",
			"resolved": "https://registry.npmjs.org/@plotex/lib-apex/-/lib-apex-1.0.8.tgz",
			"integrity": "sha512-R+5i/6qZC1jZdW6qg6jGrrHA+/oH3GesIF9EGfnvS6dPrgBMHPexdCbAVdJkUyLMucYO3SBqdOc5fW4xtzUkzA==",
			"requires": {
				"@plotex/chart-def": "^1.0.8",
				"@plotex/serialization": "^1.0.8",
				"apexcharts": "^3.23.1",
				"dayjs": "^1.8.13",
				"numeral": "^2.0.6"
			}
		},
		"@plotex/serialization": {
			"version": "1.0.8",
			"resolved": "https://registry.npmjs.org/@plotex/serialization/-/serialization-1.0.8.tgz",
			"integrity": "sha512-/UmkFYGYGVS2UbyRp01WERWheh1DgzNPdiIYMrCJgdg47fWf5xT/JvxNfZyeyz5o5QDdJCAfX73txDwtVPLskA=="
		},
		"apexcharts": {
			"version": "3.23.1",
			"resolved": "https://registry.npmjs.org/apexcharts/-/apexcharts-3.23.1.tgz",
			"integrity": "sha512-7fRpquXp725BUew5OO1mJWk16/IJPCUl0l8SjhISnAhAtbTaM9PnXPSmN2BvKO4RcT457CzMM7MCG5UokiTwcA==",
			"requires": {
				"svg.draggable.js": "^2.2.2",
				"svg.easing.js": "^2.0.0",
				"svg.filter.js": "^2.0.2",
				"svg.pathmorphing.js": "^0.1.3",
				"svg.resize.js": "^1.4.3",
				"svg.select.js": "^3.0.1"
			}
		},
		"dayjs": {
			"version": "1.10.2",
			"resolved": "https://registry.npmjs.org/dayjs/-/dayjs-1.10.2.tgz",
			"integrity": "sha512-h/YtykNNTR8Qgtd1Fxl5J1/SFP1b7SOk/M1P+Re+bCdFMV0IMkuKNgHPN7rlvvuhfw24w0LX78iYKt4YmePJNQ=="
		},
		"numeral": {
			"version": "2.0.6",
			"resolved": "https://registry.npmjs.org/numeral/-/numeral-2.0.6.tgz",
			"integrity": "sha1-StCAk21EPCVhrtnyGX7//iX05QY="
		},
		"svg.draggable.js": {
			"version": "2.2.2",
			"resolved": "https://registry.npmjs.org/svg.draggable.js/-/svg.draggable.js-2.2.2.tgz",
			"integrity": "sha512-JzNHBc2fLQMzYCZ90KZHN2ohXL0BQJGQimK1kGk6AvSeibuKcIdDX9Kr0dT9+UJ5O8nYA0RB839Lhvk4CY4MZw==",
			"requires": {
				"svg.js": "^2.0.1"
			}
		},
		"svg.easing.js": {
			"version": "2.0.0",
			"resolved": "https://registry.npmjs.org/svg.easing.js/-/svg.easing.js-2.0.0.tgz",
			"integrity": "sha1-iqmUawqOJ4V6XEChDrpAkeVpHxI=",
			"requires": {
				"svg.js": ">=2.3.x"
			}
		},
		"svg.filter.js": {
			"version": "2.0.2",
			"resolved": "https://registry.npmjs.org/svg.filter.js/-/svg.filter.js-2.0.2.tgz",
			"integrity": "sha1-kQCOFROJ3ZIwd5/L5uLJo2LRwgM=",
			"requires": {
				"svg.js": "^2.2.5"
			}
		},
		"svg.js": {
			"version": "2.7.1",
			"resolved": "https://registry.npmjs.org/svg.js/-/svg.js-2.7.1.tgz",
			"integrity": "sha512-ycbxpizEQktk3FYvn/8BH+6/EuWXg7ZpQREJvgacqn46gIddG24tNNe4Son6omdXCnSOaApnpZw6MPCBA1dODA=="
		},
		"svg.pathmorphing.js": {
			"version": "0.1.3",
			"resolved": "https://registry.npmjs.org/svg.pathmorphing.js/-/svg.pathmorphing.js-0.1.3.tgz",
			"integrity": "sha512-49HWI9X4XQR/JG1qXkSDV8xViuTLIWm/B/7YuQELV5KMOPtXjiwH4XPJvr/ghEDibmLQ9Oc22dpWpG0vUDDNww==",
			"requires": {
				"svg.js": "^2.4.0"
			}
		},
		"svg.resize.js": {
			"version": "1.4.3",
			"resolved": "https://registry.npmjs.org/svg.resize.js/-/svg.resize.js-1.4.3.tgz",
			"integrity": "sha512-9k5sXJuPKp+mVzXNvxz7U0uC9oVMQrrf7cFsETznzUDDm0x8+77dtZkWdMfRlmbkEEYvUn9btKuZ3n41oNA+uw==",
			"requires": {
				"svg.js": "^2.6.5",
				"svg.select.js": "^2.1.2"
			},
			"dependencies": {
				"svg.select.js": {
					"version": "2.1.2",
					"resolved": "https://registry.npmjs.org/svg.select.js/-/svg.select.js-2.1.2.tgz",
					"integrity": "sha512-tH6ABEyJsAOVAhwcCjF8mw4crjXSI1aa7j2VQR8ZuJ37H2MBUbyeqYr5nEO7sSN3cy9AR9DUwNg0t/962HlDbQ==",
					"requires": {
						"svg.js": "^2.2.5"
					}
				}
			}
		},
		"svg.select.js": {
			"version": "3.0.1",
			"resolved": "https://registry.npmjs.org/svg.select.js/-/svg.select.js-3.0.1.tgz",
			"integrity": "sha512-h5IS/hKkuVCbKSieR9uQCj9w+zLHoPh+ce19bBYyqF53g6mnPB8sAtIbe1s9dh2S2fCmYX2xel1Ln3PJBbK4kw==",
			"requires": {
				"svg.js": "^2.6.5"
			}
		},
		"typescript": {
			"version": "4.1.3",
			"resolved": "https://registry.npmjs.org/typescript/-/typescript-4.1.3.tgz",
			"integrity": "sha512-B3ZIOf1IKeH2ixgHhj6la6xdwR9QrLC5d1VKeCSY4tvkqhF2eqd9O7txNlS0PO3GrBAFIdr3L1ndNwteUbZLYg==",
			"dev": true
		}
	}
}
